
Microsoft Visual Studio Solution File, Format Version 12.00
# Visual Studio Version 17
VisualStudioVersion = 17.4.33403.182
MinimumVisualStudioVersion = 10.0.40219.1
Project("{9A19103F-16F7-4668-BE54-9A1E7A4F7556}") = "Car Racing Game", "Car Racing Game.csproj", "{8827B606-8AA0-4675-B2D2-A8C1A41FDDBF}"
EndProject
Global
	GlobalSection(SolutionConfigurationPlatforms) = preSolution
		Debug|Any CPU = Debug|Any CPU
		Release|Any CPU = Release|Any CPU
	EndGlobalSection
	GlobalSection(ProjectConfigurationPlatforms) = postSolution
		{8827B606-8AA0-4675-B2D2-A8C1A41FDDBF}.Debug|Any CPU.ActiveCfg = Debug|Any CPU
		{8827B606-8AA0-4675-B2D2-A8C1A41FDDBF}.Debug|Any CPU.Build.0 = Debug|Any CPU
		{8827B606-8AA0-4675-B2D2-A8C1A41FDDBF}.Release|Any CPU.ActiveCfg = Release|Any CPU
		{8827B606-8AA0-4675-B2D2-A8C1A41FDDBF}.Release|Any CPU.Build.0 = Release|Any CPU
	EndGlobalSection
	GlobalSection(SolutionProperties) = preSolution
		HideSolutionNode = FALSE
	EndGlobalSection
	GlobalSection(ExtensibilityGlobals) = postSolution
		SolutionGuid = {794F65A0-BD32-4A43-9623-1752BC48DD81}
	EndGlobalSection
EndGlobal
